
Microsoft Visual Studio Solution File, Format Version 12.00
# Visual Studio Version 16
VisualStudioVersion = 16.0.30413.136
MinimumVisualStudioVersion = 10.0.40219.1
Project("{9A19103F-16F7-4668-BE54-9A1E7A4F7556}") = "LocalityBaseNetCore", "LocalityBaseNetCore\LocalityBaseNetCore.csproj", "{134FBAA1-D79A-4F01-B3C7-A50F49B6AB56}"
EndProject
Project("{9A19103F-16F7-4668-BE54-9A1E7A4F7556}") = "LocalityBaseTest", "LocalityBaseTest\LocalityBaseTest.csproj", "{12A82716-928D-4CC8-9383-5EB7A42EB77C}"
EndProject
Project("{FAE04EC0-301F-11D3-BF4B-00C04F79EFBC}") = "LocalityBaseAPI", "LocalitiyBaseAPI\LocalityBaseAPI.csproj", "{920D664D-0BE1-42A2-A769-39BC9A56677A}"
EndProject
Global
	GlobalSection(SolutionConfigurationPlatforms) = preSolution
		Debug|Any CPU = Debug|Any CPU
		Release|Any CPU = Release|Any CPU
	EndGlobalSection
	GlobalSection(ProjectConfigurationPlatforms) = postSolution
		{134FBAA1-D79A-4F01-B3C7-A50F49B6AB56}.Debug|Any CPU.ActiveCfg = Debug|Any CPU
		{134FBAA1-D79A-4F01-B3C7-A50F49B6AB56}.Debug|Any CPU.Build.0 = Debug|Any CPU
		{134FBAA1-D79A-4F01-B3C7-A50F49B6AB56}.Release|Any CPU.ActiveCfg = Release|Any CPU
		{134FBAA1-D79A-4F01-B3C7-A50F49B6AB56}.Release|Any CPU.Build.0 = Release|Any CPU
		{12A82716-928D-4CC8-9383-5EB7A42EB77C}.Debug|Any CPU.ActiveCfg = Debug|Any CPU
		{12A82716-928D-4CC8-9383-5EB7A42EB77C}.Debug|Any CPU.Build.0 = Debug|Any CPU
		{12A82716-928D-4CC8-9383-5EB7A42EB77C}.Release|Any CPU.ActiveCfg = Release|Any CPU
		{12A82716-928D-4CC8-9383-5EB7A42EB77C}.Release|Any CPU.Build.0 = Release|Any CPU
		{920D664D-0BE1-42A2-A769-39BC9A56677A}.Debug|Any CPU.ActiveCfg = Debug|Any CPU
		{920D664D-0BE1-42A2-A769-39BC9A56677A}.Debug|Any CPU.Build.0 = Debug|Any CPU
		{920D664D-0BE1-42A2-A769-39BC9A56677A}.Release|Any CPU.ActiveCfg = Release|Any CPU
		{920D664D-0BE1-42A2-A769-39BC9A56677A}.Release|Any CPU.Build.0 = Release|Any CPU
	EndGlobalSection
	GlobalSection(SolutionProperties) = preSolution
		HideSolutionNode = FALSE
	EndGlobalSection
	GlobalSection(ExtensibilityGlobals) = postSolution
		SolutionGuid = {E0BB8B41-CB10-4A16-BB9D-5C6112914C8B}
	EndGlobalSection
EndGlobal
